// !$*UTF8*$!
{
	archiveVersion = 1;
	classes = {
	};
	objectVersion = 56;
	objects = {

/* Begin PBXBuildFile section */
		4F33E0A329C0AFEC005EB5D2 /* ExampleApp.swift in Sources */ = {isa = PBXBuildFile; fileRef = 4F33E0A229C0AFEC005EB5D2 /* ExampleApp.swift */; };
		4F33E0A529C0AFEC005EB5D2 /* ContentView.swift in Sources */ = {isa = PBXBuildFile; fileRef = 4F33E0A429C0AFEC005EB5D2 /* ContentView.swift */; };
		4F33E0A729C0AFED005EB5D2 /* Assets.xcassets in Resources */ = {isa = PBXBuildFile; fileRef = 4F33E0A629C0AFED005EB5D2 /* Assets.xcassets */; };
		4F33E0AA29C0AFED005EB5D2 /* Preview Assets.xcassets in Resources */ = {isa = PBXBuildFile; fileRef = 4F33E0A929C0AFED005EB5D2 /* Preview Assets.xcassets */; };
		4F33E0B429C0B115005EB5D2 /* AnalyticsLogger.swift in Sources */ = {isa = PBXBuildFile; fileRef = 4F33E0B329C0B115005EB5D2 /* AnalyticsLogger.swift */; };
		4F33E0B629C0B517005EB5D2 /* SecretsVault.swift in Sources */ = {isa = PBXBuildFile; fileRef = 4F33E0B529C0B517005EB5D2 /* SecretsVault.swift */; };
		4FBB7A3F29C9ECBD0057D822 /* DatadogStatic in Frameworks */ = {isa = PBXBuildFile; productRef = 4FBB7A3E29C9ECBD0057D822 /* DatadogStatic */; };
		4FBB7A5D29CB559F0057D822 /* DatadogCrashReporting in Frameworks */ = {isa = PBXBuildFile; productRef = 4FBB7A5C29CB559F0057D822 /* DatadogCrashReporting */; };
/* End PBXBuildFile section */

/* Begin PBXCopyFilesBuildPhase section */
		4F33E0BA29C0B8E7005EB5D2 /* Embed Frameworks */ = {
			isa = PBXCopyFilesBuildPhase;
			buildActionMask = 2147483647;
			dstPath = "";
			dstSubfolderSpec = 10;
			files = (
			);
			name = "Embed Frameworks";
			runOnlyForDeploymentPostprocessing = 0;
		};
/* End PBXCopyFilesBuildPhase section */

/* Begin PBXFileReference section */
		4F33E09F29C0AFEC005EB5D2 /* ExampleApp.app */ = {isa = PBXFileReference; explicitFileType = wrapper.application; includeInIndex = 0; path = ExampleApp.app; sourceTree = BUILT_PRODUCTS_DIR; };
		4F33E0A229C0AFEC005EB5D2 /* ExampleApp.swift */ = {isa = PBXFileReference; lastKnownFileType = sourcecode.swift; path = ExampleApp.swift; sourceTree = "<group>"; };
		4F33E0A429C0AFEC005EB5D2 /* ContentView.swift */ = {isa = PBXFileReference; lastKnownFileType = sourcecode.swift; path = ContentView.swift; sourceTree = "<group>"; };
		4F33E0A629C0AFED005EB5D2 /* Assets.xcassets */ = {isa = PBXFileReference; lastKnownFileType = folder.assetcatalog; path = Assets.xcassets; sourceTree = "<group>"; };
		4F33E0A929C0AFED005EB5D2 /* Preview Assets.xcassets */ = {isa = PBXFileReference; lastKnownFileType = folder.assetcatalog; path = "Preview Assets.xcassets"; sourceTree = "<group>"; };
		4F33E0B329C0B115005EB5D2 /* AnalyticsLogger.swift */ = {isa = PBXFileReference; lastKnownFileType = sourcecode.swift; path = AnalyticsLogger.swift; sourceTree = "<group>"; };
		4F33E0B529C0B517005EB5D2 /* SecretsVault.swift */ = {isa = PBXFileReference; lastKnownFileType = sourcecode.swift; path = SecretsVault.swift; sourceTree = "<group>"; };
		4FBB7A5B29C9F1680057D822 /* Info.plist */ = {isa = PBXFileReference; lastKnownFileType = text.plist; path = Info.plist; sourceTree = "<group>"; };
/* End PBXFileReference section */

/* Begin PBXFrameworksBuildPhase section */
		4F33E09C29C0AFEC005EB5D2 /* Frameworks */ = {
			isa = PBXFrameworksBuildPhase;
			buildActionMask = 2147483647;
			files = (
				4FBB7A5D29CB559F0057D822 /* DatadogCrashReporting in Frameworks */,
				4FBB7A3F29C9ECBD0057D822 /* DatadogStatic in Frameworks */,
			);
			runOnlyForDeploymentPostprocessing = 0;
		};
/* End PBXFrameworksBuildPhase section */

/* Begin PBXGroup section */
		4F33E09629C0AFEC005EB5D2 = {
			isa = PBXGroup;
			children = (
				4F33E0A129C0AFEC005EB5D2 /* ExampleApp */,
				4F33E0A029C0AFEC005EB5D2 /* Products */,
				4F33E0B729C0B8E7005EB5D2 /* Frameworks */,
			);
			sourceTree = "<group>";
		};
		4F33E0A029C0AFEC005EB5D2 /* Products */ = {
			isa = PBXGroup;
			children = (
				4F33E09F29C0AFEC005EB5D2 /* ExampleApp.app */,
			);
			name = Products;
			sourceTree = "<group>";
		};
		4F33E0A129C0AFEC005EB5D2 /* ExampleApp */ = {
			isa = PBXGroup;
			children = (
				4FBB7A5B29C9F1680057D822 /* Info.plist */,
				4F33E0A229C0AFEC005EB5D2 /* ExampleApp.swift */,
				4F33E0A429C0AFEC005EB5D2 /* ContentView.swift */,
				4F33E0A629C0AFED005EB5D2 /* Assets.xcassets */,
				4F33E0A829C0AFED005EB5D2 /* Preview Content */,
				4F33E0B329C0B115005EB5D2 /* AnalyticsLogger.swift */,
				4F33E0B529C0B517005EB5D2 /* SecretsVault.swift */,
			);
			path = ExampleApp;
			sourceTree = "<group>";
		};
		4F33E0A829C0AFED005EB5D2 /* Preview Content */ = {
			isa = PBXGroup;
			children = (
				4F33E0A929C0AFED005EB5D2 /* Preview Assets.xcassets */,
			);
			path = "Preview Content";
			sourceTree = "<group>";
		};
		4F33E0B729C0B8E7005EB5D2 /* Frameworks */ = {
			isa = PBXGroup;
			children = (
			);
			name = Frameworks;
			sourceTree = "<group>";
		};
/* End PBXGroup section */

/* Begin PBXNativeTarget section */
		4F33E09E29C0AFEC005EB5D2 /* ExampleApp */ = {
			isa = PBXNativeTarget;
			buildConfigurationList = 4F33E0AD29C0AFED005EB5D2 /* Build configuration list for PBXNativeTarget "ExampleApp" */;
			buildPhases = (
				4F33E09B29C0AFEC005EB5D2 /* Sources */,
				4F33E09C29C0AFEC005EB5D2 /* Frameworks */,
				4F33E09D29C0AFEC005EB5D2 /* Resources */,
				4F33E0BA29C0B8E7005EB5D2 /* Embed Frameworks */,
			);
			buildRules = (
			);
			dependencies = (
			);
			name = ExampleApp;
			packageProductDependencies = (
				4FBB7A3E29C9ECBD0057D822 /* DatadogStatic */,
				4FBB7A5C29CB559F0057D822 /* DatadogCrashReporting */,
			);
			productName = DataDogExampleApp;
			productReference = 4F33E09F29C0AFEC005EB5D2 /* ExampleApp.app */;
			productType = "com.apple.product-type.application";
		};
/* End PBXNativeTarget section */

/* Begin PBXProject section */
		4F33E09729C0AFEC005EB5D2 /* Project object */ = {
			isa = PBXProject;
			attributes = {
				BuildIndependentTargetsInParallel = 1;
				LastSwiftUpdateCheck = 1410;
				LastUpgradeCheck = 1410;
				TargetAttributes = {
					4F33E09E29C0AFEC005EB5D2 = {
						CreatedOnToolsVersion = 14.1;
					};
				};
			};
			buildConfigurationList = 4F33E09A29C0AFEC005EB5D2 /* Build configuration list for PBXProject "DataDogExampleApp" */;
			compatibilityVersion = "Xcode 14.0";
			developmentRegion = en;
			hasScannedForEncodings = 0;
			knownRegions = (
				en,
				Base,
			);
			mainGroup = 4F33E09629C0AFEC005EB5D2;
			packageReferences = (
				4F573BAF29C9E917005B0804 /* XCRemoteSwiftPackageReference "dd-sdk-ios" */,
			);
			productRefGroup = 4F33E0A029C0AFEC005EB5D2 /* Products */;
			projectDirPath = "";
			projectRoot = "";
			targets = (
				4F33E09E29C0AFEC005EB5D2 /* ExampleApp */,
			);
		};
/* End PBXProject section */

/* Begin PBXResourcesBuildPhase section */
		4F33E09D29C0AFEC005EB5D2 /* Resources */ = {
			isa = PBXResourcesBuildPhase;
			buildActionMask = 2147483647;
			files = (
				4F33E0AA29C0AFED005EB5D2 /* Preview Assets.xcassets in Resources */,
				4F33E0A729C0AFED005EB5D2 /* Assets.xcassets in Resources */,
			);
			runOnlyForDeploymentPostprocessing = 0;
		};
/* End PBXResourcesBuildPhase section */

/* Begin PBXSourcesBuildPhase section */
		4F33E09B29C0AFEC005EB5D2 /* Sources */ = {
			isa = PBXSourcesBuildPhase;
			buildActionMask = 2147483647;
			files = (
				4F33E0B429C0B115005EB5D2 /* AnalyticsLogger.swift in Sources */,
				4F33E0A529C0AFEC005EB5D2 /* ContentView.swift in Sources */,
				4F33E0B629C0B517005EB5D2 /* SecretsVault.swift in Sources */,
				4F33E0A329C0AFEC005EB5D2 /* ExampleApp.swift in Sources */,
			);
			runOnlyForDeploymentPostprocessing = 0;
		};
/* End PBXSourcesBuildPhase section */

/* Begin XCBuildConfiguration section */
		4F33E0AB29C0AFED005EB5D2 /* Debug */ = {
			isa = XCBuildConfiguration;
			buildSettings = {
				ALWAYS_SEARCH_USER_PATHS = NO;
				CLANG_ANALYZER_NONNULL = YES;
				CLANG_ANALYZER_NUMBER_OBJECT_CONVERSION = YES_AGGRESSIVE;
				CLANG_CXX_LANGUAGE_STANDARD = "gnu++20";
				CLANG_ENABLE_MODULES = YES;
				CLANG_ENABLE_OBJC_ARC = YES;
				CLANG_ENABLE_OBJC_WEAK = YES;
				CLANG_WARN_BLOCK_CAPTURE_AUTORELEASING = YES;
				CLANG_WARN_BOOL_CONVERSION = YES;
				CLANG_WARN_COMMA = YES;
				CLANG_WARN_CONSTANT_CONVERSION = YES;
				CLANG_WARN_DEPRECATED_OBJC_IMPLEMENTATIONS = YES;
				CLANG_WARN_DIRECT_OBJC_ISA_USAGE = YES_ERROR;
				CLANG_WARN_DOCUMENTATION_COMMENTS = YES;
				CLANG_WARN_EMPTY_BODY = YES;
				CLANG_WARN_ENUM_CONVERSION = YES;
				CLANG_WARN_INFINITE_RECURSION = YES;
				CLANG_WARN_INT_CONVERSION = YES;
				CLANG_WARN_NON_LITERAL_NULL_CONVERSION = YES;
				CLANG_WARN_OBJC_IMPLICIT_RETAIN_SELF = YES;
				CLANG_WARN_OBJC_LITERAL_CONVERSION = YES;
				CLANG_WARN_OBJC_ROOT_CLASS = YES_ERROR;
				CLANG_WARN_QUOTED_INCLUDE_IN_FRAMEWORK_HEADER = YES;
				CLANG_WARN_RANGE_LOOP_ANALYSIS = YES;
				CLANG_WARN_STRICT_PROTOTYPES = YES;
				CLANG_WARN_SUSPICIOUS_MOVE = YES;
				CLANG_WARN_UNGUARDED_AVAILABILITY = YES_AGGRESSIVE;
				CLANG_WARN_UNREACHABLE_CODE = YES;
				CLANG_WARN__DUPLICATE_METHOD_MATCH = YES;
				COPY_PHASE_STRIP = NO;
				DEBUG_INFORMATION_FORMAT = dwarf;
				ENABLE_STRICT_OBJC_MSGSEND = YES;
				ENABLE_TESTABILITY = YES;
				GCC_C_LANGUAGE_STANDARD = gnu11;
				GCC_DYNAMIC_NO_PIC = NO;
				GCC_NO_COMMON_BLOCKS = YES;
				GCC_OPTIMIZATION_LEVEL = 0;
				GCC_PREPROCESSOR_DEFINITIONS = (
					"DEBUG=1",
					"$(inherited)",
				);
				GCC_WARN_64_TO_32_BIT_CONVERSION = YES;
				GCC_WARN_ABOUT_RETURN_TYPE = YES_ERROR;
				GCC_WARN_UNDECLARED_SELECTOR = YES;
				GCC_WARN_UNINITIALIZED_AUTOS = YES_AGGRESSIVE;
				GCC_WARN_UNUSED_FUNCTION = YES;
				GCC_WARN_UNUSED_VARIABLE = YES;
				IPHONEOS_DEPLOYMENT_TARGET = 16.1;
				MTL_ENABLE_DEBUG_INFO = INCLUDE_SOURCE;
				MTL_FAST_MATH = YES;
				ONLY_ACTIVE_ARCH = YES;
				SDKROOT = iphoneos;
				SWIFT_ACTIVE_COMPILATION_CONDITIONS = DEBUG;
				SWIFT_OPTIMIZATION_LEVEL = "-Onone";
			};
			name = Debug;
		};
		4F33E0AC29C0AFED005EB5D2 /* Release */ = {
			isa = XCBuildConfiguration;
			buildSettings = {
				ALWAYS_SEARCH_USER_PATHS = NO;
				CLANG_ANALYZER_NONNULL = YES;
				CLANG_ANALYZER_NUMBER_OBJECT_CONVERSION = YES_AGGRESSIVE;
				CLANG_CXX_LANGUAGE_STANDARD = "gnu++20";
				CLANG_ENABLE_MODULES = YES;
				CLANG_ENABLE_OBJC_ARC = YES;
				CLANG_ENABLE_OBJC_WEAK = YES;
				CLANG_WARN_BLOCK_CAPTURE_AUTORELEASING = YES;
				CLANG_WARN_BOOL_CONVERSION = YES;
				CLANG_WARN_COMMA = YES;
				CLANG_WARN_CONSTANT_CONVERSION = YES;
				CLANG_WARN_DEPRECATED_OBJC_IMPLEMENTATIONS = YES;
				CLANG_WARN_DIRECT_OBJC_ISA_USAGE = YES_ERROR;
				CLANG_WARN_DOCUMENTATION_COMMENTS = YES;
				CLANG_WARN_EMPTY_BODY = YES;
				CLANG_WARN_ENUM_CONVERSION = YES;
				CLANG_WARN_INFINITE_RECURSION = YES;
				CLANG_WARN_INT_CONVERSION = YES;
				CLANG_WARN_NON_LITERAL_NULL_CONVERSION = YES;
				CLANG_WARN_OBJC_IMPLICIT_RETAIN_SELF = YES;
				CLANG_WARN_OBJC_LITERAL_CONVERSION = YES;
				CLANG_WARN_OBJC_ROOT_CLASS = YES_ERROR;
				CLANG_WARN_QUOTED_INCLUDE_IN_FRAMEWORK_HEADER = YES;
				CLANG_WARN_RANGE_LOOP_ANALYSIS = YES;
				CLANG_WARN_STRICT_PROTOTYPES = YES;
				CLANG_WARN_SUSPICIOUS_MOVE = YES;
				CLANG_WARN_UNGUARDED_AVAILABILITY = YES_AGGRESSIVE;
				CLANG_WARN_UNREACHABLE_CODE = YES;
				CLANG_WARN__DUPLICATE_METHOD_MATCH = YES;
				COPY_PHASE_STRIP = NO;
				DEBUG_INFORMATION_FORMAT = "dwarf-with-dsym";
				ENABLE_NS_ASSERTIONS = NO;
				ENABLE_STRICT_OBJC_MSGSEND = YES;
				GCC_C_LANGUAGE_STANDARD = gnu11;
				GCC_NO_COMMON_BLOCKS = YES;
				GCC_WARN_64_TO_32_BIT_CONVERSION = YES;
				GCC_WARN_ABOUT_RETURN_TYPE = YES_ERROR;
				GCC_WARN_UNDECLARED_SELECTOR = YES;
				GCC_WARN_UNINITIALIZED_AUTOS = YES_AGGRESSIVE;
				GCC_WARN_UNUSED_FUNCTION = YES;
				GCC_WARN_UNUSED_VARIABLE = YES;
				IPHONEOS_DEPLOYMENT_TARGET = 16.1;
				MTL_ENABLE_DEBUG_INFO = NO;
				MTL_FAST_MATH = YES;
				SDKROOT = iphoneos;
				SWIFT_COMPILATION_MODE = wholemodule;
				SWIFT_OPTIMIZATION_LEVEL = "-O";
				VALIDATE_PRODUCT = YES;
			};
			name = Release;
		};
		4F33E0AE29C0AFED005EB5D2 /* Debug */ = {
			isa = XCBuildConfiguration;
			buildSettings = {
				ASSETCATALOG_COMPILER_APPICON_NAME = AppIcon;
				ASSETCATALOG_COMPILER_GLOBAL_ACCENT_COLOR_NAME = AccentColor;
				CODE_SIGN_STYLE = Automatic;
				CURRENT_PROJECT_VERSION = 1;
				DEVELOPMENT_ASSET_PATHS = "\"ExampleApp/Preview Content\"";
				DEVELOPMENT_TEAM = Z2DF73ZW2D;
				ENABLE_PREVIEWS = YES;
				GENERATE_INFOPLIST_FILE = YES;
				INFOPLIST_FILE = ExampleApp/Info.plist;
				INFOPLIST_KEY_UIApplicationSupportsIndirectInputEvents = YES;
				INFOPLIST_KEY_UILaunchScreen_Generation = YES;
				INFOPLIST_KEY_UISupportedInterfaceOrientations_iPad = "UIInterfaceOrientationPortrait UIInterfaceOrientationPortraitUpsideDown UIInterfaceOrientationLandscapeLeft UIInterfaceOrientationLandscapeRight";
				INFOPLIST_KEY_UISupportedInterfaceOrientations_iPhone = "UIInterfaceOrientationPortrait UIInterfaceOrientationLandscapeLeft UIInterfaceOrientationLandscapeRight";
				LD_RUNPATH_SEARCH_PATHS = (
					"$(inherited)",
					"@executable_path/Frameworks",
				);
				MARKETING_VERSION = 1.0;
				PRODUCT_BUNDLE_IDENTIFIER = com.ibm.mobile.DataDogExampleApp;
				PRODUCT_NAME = "$(TARGET_NAME)";
				SWIFT_EMIT_LOC_STRINGS = YES;
				SWIFT_VERSION = 5.0;
				TARGETED_DEVICE_FAMILY = "1,2";
			};
			name = Debug;
		};
		4F33E0AF29C0AFED005EB5D2 /* Release */ = {
			isa = XCBuildConfiguration;
			buildSettings = {
				ASSETCATALOG_COMPILER_APPICON_NAME = AppIcon;
				ASSETCATALOG_COMPILER_GLOBAL_ACCENT_COLOR_NAME = AccentColor;
				CODE_SIGN_STYLE = Automatic;
				CURRENT_PROJECT_VERSION = 1;
				DEVELOPMENT_ASSET_PATHS = "\"ExampleApp/Preview Content\"";
				DEVELOPMENT_TEAM = Z2DF73ZW2D;
				ENABLE_PREVIEWS = YES;
				GENERATE_INFOPLIST_FILE = YES;
				INFOPLIST_FILE = ExampleApp/Info.plist;
				INFOPLIST_KEY_UIApplicationSupportsIndirectInputEvents = YES;
				INFOPLIST_KEY_UILaunchScreen_Generation = YES;
				INFOPLIST_KEY_UISupportedInterfaceOrientations_iPad = "UIInterfaceOrientationPortrait UIInterfaceOrientationPortraitUpsideDown UIInterfaceOrientationLandscapeLeft UIInterfaceOrientationLandscapeRight";
				INFOPLIST_KEY_UISupportedInterfaceOrientations_iPhone = "UIInterfaceOrientationPortrait UIInterfaceOrientationLandscapeLeft UIInterfaceOrientationLandscapeRight";
				LD_RUNPATH_SEARCH_PATHS = (
					"$(inherited)",
					"@executable_path/Frameworks",
				);
				MARKETING_VERSION = 1.0;
				PRODUCT_BUNDLE_IDENTIFIER = com.ibm.mobile.DataDogExampleApp;
				PRODUCT_NAME = "$(TARGET_NAME)";
				SWIFT_EMIT_LOC_STRINGS = YES;
				SWIFT_VERSION = 5.0;
				TARGETED_DEVICE_FAMILY = "1,2";
			};
			name = Release;
		};
/* End XCBuildConfiguration section */

/* Begin XCConfigurationList section */
		4F33E09A29C0AFEC005EB5D2 /* Build configuration list for PBXProject "DataDogExampleApp" */ = {
			isa = XCConfigurationList;
			buildConfigurations = (
				4F33E0AB29C0AFED005EB5D2 /* Debug */,
				4F33E0AC29C0AFED005EB5D2 /* Release */,
			);
			defaultConfigurationIsVisible = 0;
			defaultConfigurationName = Release;
		};
		4F33E0AD29C0AFED005EB5D2 /* Build configuration list for PBXNativeTarget "ExampleApp" */ = {
			isa = XCConfigurationList;
			buildConfigurations = (
				4F33E0AE29C0AFED005EB5D2 /* Debug */,
				4F33E0AF29C0AFED005EB5D2 /* Release */,
			);
			defaultConfigurationIsVisible = 0;
			defaultConfigurationName = Release;
		};
/* End XCConfigurationList section */

/* Begin XCRemoteSwiftPackageReference section */
		4F573BAF29C9E917005B0804 /* XCRemoteSwiftPackageReference "dd-sdk-ios" */ = {
			isa = XCRemoteSwiftPackageReference;
			repositoryURL = "https://github.com/Datadog/dd-sdk-ios.git";
			requirement = {
				kind = upToNextMinorVersion;
				minimumVersion = 1.9.0;
			};
		};
/* End XCRemoteSwiftPackageReference section */

/* Begin XCSwiftPackageProductDependency section */
		4FBB7A3E29C9ECBD0057D822 /* DatadogStatic */ = {
			isa = XCSwiftPackageProductDependency;
			package = 4F573BAF29C9E917005B0804 /* XCRemoteSwiftPackageReference "dd-sdk-ios" */;
			productName = DatadogStatic;
		};
		4FBB7A5C29CB559F0057D822 /* DatadogCrashReporting */ = {
			isa = XCSwiftPackageProductDependency;
			package = 4F573BAF29C9E917005B0804 /* XCRemoteSwiftPackageReference "dd-sdk-ios" */;
			productName = DatadogCrashReporting;
		};
/* End XCSwiftPackageProductDependency section */
	};
	rootObject = 4F33E09729C0AFEC005EB5D2 /* Project object */;
}
